[[package]]
name = "dacite"
version = "1.6.0"
description = "Simple creation of data classes from dictionaries."
category = "main"
optional = false
python-versions = ">=3.6"

[package.extras]
dev = ["pytest (>=5)", "pytest-cov", "coveralls", "black", "mypy", "pylint"]

[[package]]
name = "mashumaro"
version = "3.0.4"
description = "Fast serialization framework on top of dataclasses"
category = "main"
optional = false
python-versions = ">=3.6"

[package.dependencies]
typing-extensions = "*"

[package.extras]
msgpack = ["msgpack (>=0.5.6)"]
yaml = ["pyyaml (>=3.13)"]

[[package]]
name = "orjson"
version = "3.8.0"
description = "Fast, correct Python JSON library supporting dataclasses, datetimes, and numpy"
category = "main"
optional = false
python-versions = ">=3.7"

[[package]]
name = "pydantic"
version = "1.10.2"
description = "Data validation and settings management using python type hints"
category = "main"
optional = false
python-versions = ">=3.7"

[package.dependencies]
typing-extensions = ">=4.1.0"

[package.extras]
dotenv = ["python-dotenv (>=0.10.4)"]
email = ["email-validator (>=1.0.3)"]

[[package]]
name = "typing-extensions"
version = "4.3.0"
description = "Backported and Experimental Type Hints for Python 3.7+"
category = "main"
optional = false
python-versions = ">=3.7"

[[package]]
name = "ujson"
version = "5.4.0"
description = "Ultra fast JSON encoder and decoder for Python"
category = "main"
optional = false
python-versions = ">=3.7"

[metadata]
lock-version = "1.1"
python-versions = "^3.10"
content-hash = "2a33a4e3b83280ee0ccf1676313f6f2a5c8da9847018273243b67e2ce09de14e"

[metadata.files]
dacite = [
    {file = "dacite-1.6.0-py3-none-any.whl", hash = "sha256:4331535f7aabb505c732fa4c3c094313fc0a1d5ea19907bf4726a7819a68b93f"},
    {file = "dacite-1.6.0.tar.gz", hash = "sha256:d48125ed0a0352d3de9f493bf980038088f45f3f9d7498f090b50a847daaa6df"},
]
mashumaro = []
orjson = []
pydantic = []
typing-extensions = []
ujson = []
